
Microsoft Visual Studio Solution File, Format Version 12.00
# Visual Studio 15
VisualStudioVersion = 15.0.27703.2026
MinimumVisualStudioVersion = 10.0.40219.1
Project("{FAE04EC0-301F-11D3-BF4B-00C04F79EFBC}") = "RecursiveHierarchySort", "RecursiveHierarchySort\RecursiveHierarchySort.csproj", "{9997BE97-A543-4A77-A08A-35C75DC44FB4}"
EndProject
Global
	GlobalSection(SolutionConfigurationPlatforms) = preSolution
		Debug|Any CPU = Debug|Any CPU
		Release|Any CPU = Release|Any CPU
	EndGlobalSection
	GlobalSection(ProjectConfigurationPlatforms) = postSolution
		{9997BE97-A543-4A77-A08A-35C75DC44FB4}.Debug|Any CPU.ActiveCfg = Debug|Any CPU
		{9997BE97-A543-4A77-A08A-35C75DC44FB4}.Debug|Any CPU.Build.0 = Debug|Any CPU
		{9997BE97-A543-4A77-A08A-35C75DC44FB4}.Release|Any CPU.ActiveCfg = Release|Any CPU
		{9997BE97-A543-4A77-A08A-35C75DC44FB4}.Release|Any CPU.Build.0 = Release|Any CPU
	EndGlobalSection
	GlobalSection(SolutionProperties) = preSolution
		HideSolutionNode = FALSE
	EndGlobalSection
	GlobalSection(ExtensibilityGlobals) = postSolution
		SolutionGuid = {FFBA29C0-F92E-4392-B3D3-FC84924894B5}
	EndGlobalSection
EndGlobal
